
Microsoft Visual Studio Solution File, Format Version 12.00
# Visual Studio Version 16
VisualStudioVersion = 16.0.31729.503
MinimumVisualStudioVersion = 10.0.40219.1
Project("{888888A0-9F3D-457C-B088-3A5042F75D52}") = "coursework", "coursework\coursework.pyproj", "{34522666-7070-42DE-BBA5-85152AC03559}"
EndProject
Global
	GlobalSection(SolutionConfigurationPlatforms) = preSolution
		Debug|Any CPU = Debug|Any CPU
		Release|Any CPU = Release|Any CPU
	EndGlobalSection
	GlobalSection(ProjectConfigurationPlatforms) = postSolution
		{34522666-7070-42DE-BBA5-85152AC03559}.Debug|Any CPU.ActiveCfg = Debug|Any CPU
		{34522666-7070-42DE-BBA5-85152AC03559}.Release|Any CPU.ActiveCfg = Release|Any CPU
	EndGlobalSection
	GlobalSection(SolutionProperties) = preSolution
		HideSolutionNode = FALSE
	EndGlobalSection
	GlobalSection(ExtensibilityGlobals) = postSolution
		SolutionGuid = {6B4A509E-30D6-4609-ADBB-B62AF3D398A5}
	EndGlobalSection
EndGlobal
